PODS:
  - SDK (0.1.0)

DEPENDENCIES:
  - SDK (from `https://github.com/julianlocke/PoloSDK.git`)

EXTERNAL SOURCES:
  SDK:
    :git: https://github.com/julianlocke/PoloSDK.git

CHECKOUT OPTIONS:
  SDK:
    :commit: 6d92369ee00d6c39c0145b2c1f41497fd8af7f03
    :git: https://github.com/julianlocke/PoloSDK.git

SPEC CHECKSUMS:
  SDK: 592f79f3b55b03b4ee796a615ef6c7c517c504db

COCOAPODS: 0.38.2
